
Microsoft Visual Studio Solution File, Format Version 12.00
# Visual Studio 15
VisualStudioVersion = 15.0.28307.852
MinimumVisualStudioVersion = 10.0.40219.1
Project("{2150E333-8FDC-42A3-9474-1A3956D46DE8}") = "Solution Items", "Solution Items", "{0EE31D1E-8E66-4075-9536-478C199D1DF7}"
	ProjectSection(SolutionItems) = preProject
		LICENSE.txt = LICENSE.txt
		Sara-Logging.nuspec = Sara-Logging.nuspec
	EndProjectSection
EndProject
Project("{2150E333-8FDC-42A3-9474-1A3956D46DE8}") = ".NET Framework", ".NET Framework", "{99DA33C7-F2C0-48F6-9674-3A0F829612CD}"
EndProject
Project("{2150E333-8FDC-42A3-9474-1A3956D46DE8}") = ".NET Standard", ".NET Standard", "{C7D0DD90-8709-4FD8-B8BB-BCD47F4070B1}"
EndProject
Project("{2150E333-8FDC-42A3-9474-1A3956D46DE8}") = "Sandbox", "Sandbox", "{46BAE7A4-00C4-4137-8748-49A3ED525C6D}"
EndProject
Project("{FAE04EC0-301F-11D3-BF4B-00C04F79EFBC}") = "Sara.Sandbox.Logging", "Sara.Sandbox.Logging\Sara.Sandbox.Logging.csproj", "{BD4AE70A-8B8C-4758-9CB1-04BE8306D0DC}"
EndProject
Project("{9A19103F-16F7-4668-BE54-9A1E7A4F7556}") = "Sara.Logging", "Sara.Logging\Sara.Logging.csproj", "{48A6975E-39F8-4C27-B598-1F54D8E8036F}"
EndProject
Project("{9A19103F-16F7-4668-BE54-9A1E7A4F7556}") = "Sara.Logging.Writers", "Sara.Logging.Writers\Sara.Logging.Writers.csproj", "{D796C6DA-A406-423F-85EF-D562181E491B}"
EndProject
Project("{FAE04EC0-301F-11D3-BF4B-00C04F79EFBC}") = "Sara.Logging.WinEvent.Writers", "Sara.Logging.WinEvent.Writers\Sara.Logging.WinEvent.Writers.csproj", "{773F9A23-0158-44C0-B9CA-838EACF7BC59}"
EndProject
Project("{9A19103F-16F7-4668-BE54-9A1E7A4F7556}") = "Sara-Logging.NuGet", "Sara-Logging.NuGet\Sara-Logging.NuGet.csproj", "{0555F857-8388-4347-B753-611CFDB59DAF}"
EndProject
Global
	GlobalSection(SolutionConfigurationPlatforms) = preSolution
		Debug|Any CPU = Debug|Any CPU
		Release|Any CPU = Release|Any CPU
	EndGlobalSection
	GlobalSection(ProjectConfigurationPlatforms) = postSolution
		{BD4AE70A-8B8C-4758-9CB1-04BE8306D0DC}.Debug|Any CPU.ActiveCfg = Debug|Any CPU
		{BD4AE70A-8B8C-4758-9CB1-04BE8306D0DC}.Debug|Any CPU.Build.0 = Debug|Any CPU
		{BD4AE70A-8B8C-4758-9CB1-04BE8306D0DC}.Release|Any CPU.ActiveCfg = Release|Any CPU
		{BD4AE70A-8B8C-4758-9CB1-04BE8306D0DC}.Release|Any CPU.Build.0 = Release|Any CPU
		{48A6975E-39F8-4C27-B598-1F54D8E8036F}.Debug|Any CPU.ActiveCfg = Debug|Any CPU
		{48A6975E-39F8-4C27-B598-1F54D8E8036F}.Debug|Any CPU.Build.0 = Debug|Any CPU
		{48A6975E-39F8-4C27-B598-1F54D8E8036F}.Release|Any CPU.ActiveCfg = Release|Any CPU
		{48A6975E-39F8-4C27-B598-1F54D8E8036F}.Release|Any CPU.Build.0 = Release|Any CPU
		{D796C6DA-A406-423F-85EF-D562181E491B}.Debug|Any CPU.ActiveCfg = Debug|Any CPU
		{D796C6DA-A406-423F-85EF-D562181E491B}.Debug|Any CPU.Build.0 = Debug|Any CPU
		{D796C6DA-A406-423F-85EF-D562181E491B}.Release|Any CPU.ActiveCfg = Release|Any CPU
		{D796C6DA-A406-423F-85EF-D562181E491B}.Release|Any CPU.Build.0 = Release|Any CPU
		{773F9A23-0158-44C0-B9CA-838EACF7BC59}.Debug|Any CPU.ActiveCfg = Debug|Any CPU
		{773F9A23-0158-44C0-B9CA-838EACF7BC59}.Debug|Any CPU.Build.0 = Debug|Any CPU
		{773F9A23-0158-44C0-B9CA-838EACF7BC59}.Release|Any CPU.ActiveCfg = Release|Any CPU
		{773F9A23-0158-44C0-B9CA-838EACF7BC59}.Release|Any CPU.Build.0 = Release|Any CPU
		{0555F857-8388-4347-B753-611CFDB59DAF}.Debug|Any CPU.ActiveCfg = Debug|Any CPU
		{0555F857-8388-4347-B753-611CFDB59DAF}.Debug|Any CPU.Build.0 = Debug|Any CPU
		{0555F857-8388-4347-B753-611CFDB59DAF}.Release|Any CPU.ActiveCfg = Release|Any CPU
		{0555F857-8388-4347-B753-611CFDB59DAF}.Release|Any CPU.Build.0 = Release|Any CPU
	EndGlobalSection
	GlobalSection(SolutionProperties) = preSolution
		HideSolutionNode = FALSE
	EndGlobalSection
	GlobalSection(NestedProjects) = preSolution
		{BD4AE70A-8B8C-4758-9CB1-04BE8306D0DC} = {46BAE7A4-00C4-4137-8748-49A3ED525C6D}
		{48A6975E-39F8-4C27-B598-1F54D8E8036F} = {C7D0DD90-8709-4FD8-B8BB-BCD47F4070B1}
		{D796C6DA-A406-423F-85EF-D562181E491B} = {C7D0DD90-8709-4FD8-B8BB-BCD47F4070B1}
		{773F9A23-0158-44C0-B9CA-838EACF7BC59} = {99DA33C7-F2C0-48F6-9674-3A0F829612CD}
	EndGlobalSection
	GlobalSection(ExtensibilityGlobals) = postSolution
		SolutionGuid = {676FBD67-2EB1-49A3-96B6-E0643469930F}
	EndGlobalSection
EndGlobal
